
Microsoft Visual Studio Solution File, Format Version 12.00
# Visual Studio Version 17
VisualStudioVersion = 17.9.34728.123
MinimumVisualStudioVersion = 10.0.40219.1
Project("{FAE04EC0-301F-11D3-BF4B-00C04F79EFBC}") = "CCM", "CCM\CCM.csproj", "{A875632C-4845-4108-8EE1-194055E8E00E}"
EndProject
Global
	GlobalSection(SolutionConfigurationPlatforms) = preSolution
		Debug|Any CPU = Debug|Any CPU
		Release|Any CPU = Release|Any CPU
	EndGlobalSection
	GlobalSection(ProjectConfigurationPlatforms) = postSolution
		{A875632C-4845-4108-8EE1-194055E8E00E}.Debug|Any CPU.ActiveCfg = Debug|Any CPU
		{A875632C-4845-4108-8EE1-194055E8E00E}.Debug|Any CPU.Build.0 = Debug|Any CPU
		{A875632C-4845-4108-8EE1-194055E8E00E}.Release|Any CPU.ActiveCfg = Release|Any CPU
		{A875632C-4845-4108-8EE1-194055E8E00E}.Release|Any CPU.Build.0 = Release|Any CPU
	EndGlobalSection
	GlobalSection(SolutionProperties) = preSolution
		HideSolutionNode = FALSE
	EndGlobalSection
	GlobalSection(ExtensibilityGlobals) = postSolution
		SolutionGuid = {0AA5662F-E868-4C8D-BDB2-6D7153E4B3A9}
	EndGlobalSection
EndGlobal
